commit	512f925e0cd48353ed478d757f9ea7572e4e1c48	hisab	https://github.com/MacCracken/hisab.git	2.22.1
commit	e9111becf7370c256af017e33fae4ba294881c7d	naad	https://github.com/MacCracken/naad.git	2.2.2
commit	8c5537be621d319ec5b7fdcbe58a53e41f856ba9	goonj	https://github.com/MacCracken/goonj.git	2.0.4
commit	1f793ac6c4f13204fc1ac0ce24140ffea8d1814a	sakshi	https://github.com/MacCracken/sakshi.git	2.5.1
7328ec74c1b37e22094a0f22dbd2ecea4dce10700a6ba5122cf1d5bfff3a564e  lib/alloc.cyr
69e92cc4b67f1a936f94c92ce8a4c66673758b84dba385e96fbeaa46fa692b4c  lib/alloc_agnos.cyr
03922b263b4a771d7104c6dcc30b4b029c6fe40ec93fec6a0ee38ec61f7e7dd8  lib/alloc_macos.cyr
299c2c7e203b339a6b97d3ab88d15f3465d72bda018c61e6951819eabd7cc018  lib/alloc_windows.cyr
c88c2ab7f87fdbf63d8e8cb12d43471e7863315f8053341f295b2237788e6d78  lib/args.cyr
27c9752b70e797b43d30204e5077749526144495ba7021b1272067f3236d81f9  lib/args_agnos.cyr
99f96283da419ad9f01d076269411c3d5214b6007a92d1bbe2356ab906a5d1a1  lib/args_macos.cyr
f7b9d52f29de6d3d633962ccc765a76637091a7256eebc1da5547530eed2c44b  lib/args_win.cyr
09cf81bf4f10758da7967a5f6628b2feed53b0fb5e6e11cac0b273725465e6d8  lib/assert.cyr
eeadd5a7b29998c0039a6758687857689b20f83d3d16c74349a403dac39e71a4  lib/atomic.cyr
0236ac247d6b1bd862988661c6eadbc8b56476b473c2aa6fc28740767b9244f1  lib/bench.cyr
e4a5d91e12a71feb2d245ec38804ded6333558cb74168853d226cb8ec22e4b19  lib/boxed.cyr
d675375b2c3929fc0a8dadc2fb79faaa1f43e7ddb49cb1e111d9e7abcb207787  lib/callback.cyr
8b419c88a1b4ba8d0c45055c443d4e3488e1c73881fdb7512d2731dd49e087ec  lib/fmt.cyr
39ee5f438c5b693c8837eda3138a471aac8f0d10f8bdeb1aea2b737bf1f7937b  lib/fnptr.cyr
fae5a807bff944098e3fa373febf451dd8cff2fad8b714b2fbf1a1b26fe4ab0f  lib/ganita.cyr
6363b33ff5e8989339830ee3891d6cf2aaa5383f51adb730e5f3b6377b25ac42  lib/goonj.cyr
5f32d3180da647c58695a83050aec7c1efdbd7369375b576c09c8a9325c9b0ac  lib/hisab.cyr
335c52dc6a531ff34fef41d70ccc8e8394ac4365655b12c359f39741e0bfc2d0  lib/io.cyr
a765010977ff6829def00d050e27cc94c52e5b9c6e28defb10f1fdabe2cd74e2  lib/math.cyr
47f65002f51f6465313712675c7004615b70c5878900848f859b149c87264f7f  lib/naad.cyr
9892d2c32787cdbb5d65b8441bef25d4b8f31942ac4db7500d10aadc43f23632  lib/result.cyr
7ebfc243d1f85d08226b4aa34cee314d368613998476c0f01b70eeda2dc3eb7f  lib/sakshi.cyr
8a3e4378e75eefbf7e6d8d098449dbe909f9b9b80a2a72624adb250eb4335c09  lib/str.cyr
a90313240f49f1884f1bc0992daf4ee8538fe707c6998d04e163f775f4f3a1b2  lib/string.cyr
942c760a65fc50f61dfedac20eb5f4f2032b8a955e13450835acff775824b811  lib/syscalls.cyr
fbd27b904f311898c02bb4ed12ddb9426bd49c9e654c2d3d0bfea5e63d599df3  lib/syscalls_aarch64_linux.cyr
a098b84c66fa51d4449c21a05ba6be06dd907f7bcc9c375843f4de0e160f5192  lib/syscalls_linux_common.cyr
6c76a1afec2ab1e3a11cc0d308feae34c4be34c5030a059d79c9efaf9e4b5213  lib/syscalls_macos.cyr
93aaa29cd8aebcd0a7b4de1b13541d7ebca6dfd5caf104c03fecdf19560d2910  lib/syscalls_windows.cyr
4d571d7b449646b85b24ef8e92433c1214f57e6811980bef883f6914991a116a  lib/syscalls_x86_64_agnos.cyr
0847964081b1998fa584e74c5ff2a27ad183fc8e251fb620fd1fcf6f2aa9e12e  lib/syscalls_x86_64_linux.cyr
3e51b4f19ecc223ec72f48058d1130074a3d7163de611c3fd704bf6a89ab02f4  lib/tagged.cyr
e46a35925484d3afbfaaac02676f51adaab953608879158d52f1b997fb5920a8  lib/vec.cyr
